
Microsoft Visual Studio Solution File, Format Version 12.00
# Visual Studio Version 17
VisualStudioVersion = 17.5.33502.453
MinimumVisualStudioVersion = 10.0.40219.1
Project("{9A19103F-16F7-4668-BE54-9A1E7A4F7556}") = "MPEGTS", "MPEGTS\MPEGTS.csproj", "{375CB1E6-D769-4A8F-9B2E-5BFE5B97046E}"
EndProject
Project("{FAE04EC0-301F-11D3-BF4B-00C04F79EFBC}") = "MPEGTSAnalyzator", "MPEGTSAnalyzator\MPEGTSAnalyzator.csproj", "{C1EFCBA5-B520-4DC0-841E-7F78E2404E8F}"
EndProject
Project("{FAE04EC0-301F-11D3-BF4B-00C04F79EFBC}") = "MPEGTSStreamer", "MPEGTSStreamer\MPEGTSStreamer.csproj", "{00C20E27-221A-43DB-8BE2-BE7BB0EB38C1}"
EndProject
Global
	GlobalSection(SolutionConfigurationPlatforms) = preSolution
		Debug|Any CPU = Debug|Any CPU
		Release|Any CPU = Release|Any CPU
	EndGlobalSection
	GlobalSection(ProjectConfigurationPlatforms) = postSolution
		{375CB1E6-D769-4A8F-9B2E-5BFE5B97046E}.Debug|Any CPU.ActiveCfg = Debug|Any CPU
		{375CB1E6-D769-4A8F-9B2E-5BFE5B97046E}.Debug|Any CPU.Build.0 = Debug|Any CPU
		{375CB1E6-D769-4A8F-9B2E-5BFE5B97046E}.Release|Any CPU.ActiveCfg = Release|Any CPU
		{375CB1E6-D769-4A8F-9B2E-5BFE5B97046E}.Release|Any CPU.Build.0 = Release|Any CPU
		{C1EFCBA5-B520-4DC0-841E-7F78E2404E8F}.Debug|Any CPU.ActiveCfg = Debug|Any CPU
		{C1EFCBA5-B520-4DC0-841E-7F78E2404E8F}.Debug|Any CPU.Build.0 = Debug|Any CPU
		{C1EFCBA5-B520-4DC0-841E-7F78E2404E8F}.Release|Any CPU.ActiveCfg = Release|Any CPU
		{C1EFCBA5-B520-4DC0-841E-7F78E2404E8F}.Release|Any CPU.Build.0 = Release|Any CPU
		{00C20E27-221A-43DB-8BE2-BE7BB0EB38C1}.Debug|Any CPU.ActiveCfg = Debug|Any CPU
		{00C20E27-221A-43DB-8BE2-BE7BB0EB38C1}.Debug|Any CPU.Build.0 = Debug|Any CPU
		{00C20E27-221A-43DB-8BE2-BE7BB0EB38C1}.Release|Any CPU.ActiveCfg = Release|Any CPU
		{00C20E27-221A-43DB-8BE2-BE7BB0EB38C1}.Release|Any CPU.Build.0 = Release|Any CPU
	EndGlobalSection
	GlobalSection(SolutionProperties) = preSolution
		HideSolutionNode = FALSE
	EndGlobalSection
	GlobalSection(ExtensibilityGlobals) = postSolution
		SolutionGuid = {91714FA0-E223-4059-ADD5-29FCF6443D63}
	EndGlobalSection
EndGlobal
